{
  "name": "simple-api",
  "version": "1.0.0",
  "lockfileVersion": 1,
  "requires": true,
  "dependencies": {
    "agstopwatch": {
      "version": "1.1.0",
      "resolved": "https://registry.npmjs.org/agstopwatch/-/agstopwatch-1.1.0.tgz",
      "integrity": "sha1-tPGeGVbQ4hXFu+5CI1+BGWWOLCU="
    },
    "argparse": {
      "version": "1.0.10",
      "resolved": "https://registry.npmjs.org/argparse/-/argparse-1.0.10.tgz",
      "integrity": "sha512-o5Roy6tNG4SL/FOkCAN6RzjiakZS25RLYFrcMttJqbdd8BWrnA+fGz57iN5Pb06pvBGvl5gQ0B48dJlslXvoTg==",
      "requires": {
        "sprintf-js": "~1.0.2"
      }
    },
    "aws-sdk": {
      "version": "2.446.0",
      "resolved": "https://registry.npmjs.org/aws-sdk/-/aws-sdk-2.446.0.tgz",
      "integrity": "sha512-xZ+KrHRrQWZLt/1NZ37pzkRbA1rDfryqvcBw5HanmHfO2d2dJJDzow/dfndd/dJyUVc3VvBLPZRW+ZVeFiLw1w==",
      "requires": {
        "buffer": "4.9.1",
        "events": "1.1.1",
        "ieee754": "1.1.8",
        "jmespath": "0.15.0",
        "querystring": "0.2.0",
        "sax": "1.2.1",
        "url": "0.10.3",
        "uuid": "3.3.2",
        "xml2js": "0.4.19"
      }
    },
    "base64-js": {
      "version": "1.3.0",
      "resolved": "https://registry.npmjs.org/base64-js/-/base64-js-1.3.0.tgz",
      "integrity": "sha512-ccav/yGvoa80BQDljCxsmmQ3Xvx60/UpBIij5QN21W3wBi/hhIC9OoO+KLpu9IJTS9j4DRVJ3aDDF9cMSoa2lw=="
    },
    "buffer": {
      "version": "4.9.1",
      "resolved": "https://registry.npmjs.org/buffer/-/buffer-4.9.1.tgz",
      "integrity": "sha1-bRu2AbB6TvztlwlBMgkwJ8lbwpg=",
      "requires": {
        "base64-js": "^1.0.2",
        "ieee754": "^1.1.4",
        "isarray": "^1.0.0"
      }
    },
    "camelcase": {
      "version": "5.3.1",
      "resolved": "https://registry.npmjs.org/camelcase/-/camelcase-5.3.1.tgz",
      "integrity": "sha512-L28STB170nwWS63UjtlEOE3dldQApaJXZkOI1uMFfzf3rRuPegHaHesyee+YxQ+W6SvRDQV6UrdOdRiR153wJg=="
    },
    "collections": {
      "version": "5.1.8",
      "resolved": "https://registry.npmjs.org/collections/-/collections-5.1.8.tgz",
      "integrity": "sha512-2Vvizv30fKnBlso7kVtZTsuZDVvA6JvLotsSnGKiAiIM4Z+EW1/9yRgXqJJ0WFzj36yZNTUsI+/Yu2Ogoo0H0w==",
      "requires": {
        "weak-map": "~1.0.x"
      }
    },
    "commander": {
      "version": "2.20.0",
      "resolved": "https://registry.npmjs.org/commander/-/commander-2.20.0.tgz",
      "integrity": "sha512-7j2y+40w61zy6YC2iRNpUe/NwhNyoXrYpHMrSunaMG64nRnaf96zO/KMQR4OyN/UnE5KLyEBnKHd4aG3rskjpQ=="
    },
    "configurapi": {
      "version": "1.4.7",
      "resolved": "https://registry.npmjs.org/configurapi/-/configurapi-1.4.7.tgz",
      "integrity": "sha512-iZ5O+4w6S9JOj9HOH92mU4P5bZaO7s7iiH0Wx4azU1cCy/qELCDXfuCm91dmzJqkT0QxoLhehMbr3zhFPxnxVQ==",
      "requires": {
        "agstopwatch": "^1.1.0",
        "collections": "^5.0.7",
        "events": "^1.1.1",
        "get-parameter-names": "^0.3.0",
        "inflection": "^1.12.0",
        "js-yaml": "^3.9.1",
        "nested-error-stacks": "^2.0.0",
        "one-liner": "^1.3.0",
        "uuid": "^3.1.0"
      }
    },
    "configurapi-handler-http": {
      "version": "1.3.4",
      "resolved": "https://registry.npmjs.org/configurapi-handler-http/-/configurapi-handler-http-1.3.4.tgz",
      "integrity": "sha512-sX2OBDL5Koiywh6kZbBbMyZ4VBAf9G5lI2qs3nefTU7cs0IAjH4haYJRgQq4gjIFjhz/OYjR5nosjY9UUKlDPQ==",
      "requires": {
        "configurapi": "^1.4.6"
      }
    },
    "configurapi-handler-logging": {
      "version": "1.3.6",
      "resolved": "https://registry.npmjs.org/configurapi-handler-logging/-/configurapi-handler-logging-1.3.6.tgz",
      "integrity": "sha512-eCweuaq5QSUjfwUfIRQZi8qbkrHQqHuVWpEOr94JC4ihw15V/5gQzVNlH+I81xItPpf2FEHdXotif7BKr4Rp3Q==",
      "requires": {
        "configurapi": "^1.4.6",
        "events": "^1.1.1",
        "mask-json": "^1.0.2"
      }
    },
    "configurapi-runner-lambda-api": {
      "version": "1.0.4",
      "resolved": "https://registry.npmjs.org/configurapi-runner-lambda-api/-/configurapi-runner-lambda-api-1.0.4.tgz",
      "integrity": "sha512-QS2sXSIFUgFIgkIsc5/WEAiVnIFjRJmRcwK3YECEmTJ98n21ibpYpIdG+AwAMAJiq10/Cpo++CQqsJAYH+85ew==",
      "requires": {
        "aws-sdk": "^2.405.0",
        "commander": "^2.19.0",
        "configurapi": "^1.4.4",
        "configurapi-handler-http": "^1.3.0",
        "configurapi-handler-logging": "^1.3.4",
        "oneliner": "0.0.8",
        "yargs-parser": "^11.1.1"
      }
    },
    "decamelize": {
      "version": "1.2.0",
      "resolved": "https://registry.npmjs.org/decamelize/-/decamelize-1.2.0.tgz",
      "integrity": "sha1-9lNNFRSCabIDUue+4m9QH5oZEpA="
    },
    "esprima": {
      "version": "4.0.1",
      "resolved": "https://registry.npmjs.org/esprima/-/esprima-4.0.1.tgz",
      "integrity": "sha512-eGuFFw7Upda+g4p+QHvnW0RyTX/SVeJBDM/gCtMARO0cLuT2HcEKnTPvhjV6aGeqrCB/sbNop0Kszm0jsaWU4A=="
    },
    "events": {
      "version": "1.1.1",
      "resolved": "https://registry.npmjs.org/events/-/events-1.1.1.tgz",
      "integrity": "sha1-nr23Y1rQmccNzEwqH1AEKI6L2SQ="
    },
    "get-parameter-names": {
      "version": "0.3.0",
      "resolved": "https://registry.npmjs.org/get-parameter-names/-/get-parameter-names-0.3.0.tgz",
      "integrity": "sha1-LSI3zVkubFuFmrLv2rQ18Ajlu5c="
    },
    "ieee754": {
      "version": "1.1.8",
      "resolved": "https://registry.npmjs.org/ieee754/-/ieee754-1.1.8.tgz",
      "integrity": "sha1-vjPUCsEO8ZJnAfbwii2G+/0a0+Q="
    },
    "inflection": {
      "version": "1.12.0",
      "resolved": "https://registry.npmjs.org/inflection/-/inflection-1.12.0.tgz",
      "integrity": "sha1-ogCTVlbW9fa8TcdQLhrstwMihBY="
    },
    "isarray": {
      "version": "1.0.0",
      "resolved": "https://registry.npmjs.org/isarray/-/isarray-1.0.0.tgz",
      "integrity": "sha1-u5NdSFgsuhaMBoNJV6VKPgcSTxE="
    },
    "jmespath": {
      "version": "0.15.0",
      "resolved": "https://registry.npmjs.org/jmespath/-/jmespath-0.15.0.tgz",
      "integrity": "sha1-o/Iiqarp+Wb10nx5ZRDigJF2Qhc="
    },
    "js-yaml": {
      "version": "3.13.1",
      "resolved": "https://registry.npmjs.org/js-yaml/-/js-yaml-3.13.1.tgz",
      "integrity": "sha512-YfbcO7jXDdyj0DGxYVSlSeQNHbD7XPWvrVWeVUujrQEoZzWJIRrCPoyk6kL6IAjAG2IolMK4T0hNUe0HOUs5Jw==",
      "requires": {
        "argparse": "^1.0.7",
        "esprima": "^4.0.0"
      }
    },
    "lodash": {
      "version": "4.17.11",
      "resolved": "https://registry.npmjs.org/lodash/-/lodash-4.17.11.tgz",
      "integrity": "sha512-cQKh8igo5QUhZ7lg38DYWAxMvjSAKG0A8wGSVimP07SIUEK2UO+arSRKbRZWtelMtN5V0Hkwh5ryOto/SshYIg=="
    },
    "mask-json": {
      "version": "1.0.2",
      "resolved": "https://registry.npmjs.org/mask-json/-/mask-json-1.0.2.tgz",
      "integrity": "sha512-EOskzYwm49AzjwEVqR6oUw/CaoPR2qP74+GczTWpjVT1kXOKNSNJ7VxFZHO+5Y9e7m3GUGENZK0iBGvlZFgh8g==",
      "requires": {
        "lodash": "^4.17.4"
      }
    },
    "nested-error-stacks": {
      "version": "2.1.0",
      "resolved": "https://registry.npmjs.org/nested-error-stacks/-/nested-error-stacks-2.1.0.tgz",
      "integrity": "sha512-AO81vsIO1k1sM4Zrd6Hu7regmJN1NSiAja10gc4bX3F0wd+9rQmcuHQaHVQCYIEC8iFXnE+mavh23GOt7wBgug=="
    },
    "one-liner": {
      "version": "1.3.0",
      "resolved": "https://registry.npmjs.org/one-liner/-/one-liner-1.3.0.tgz",
      "integrity": "sha512-nddarGL/bJzThrzpVtSGAvF5kvBGBHkvtH2lar/zxFfbGinv+BVA51HSxp9aNcgqm4xkuB5MLT7BFAwmKeJxMQ=="
    },
    "oneliner": {
      "version": "0.0.8",
      "resolved": "https://registry.npmjs.org/oneliner/-/oneliner-0.0.8.tgz",
      "integrity": "sha1-vedbWrdyTeCQqN3S2xUZmdlxzHs="
    },
    "punycode": {
      "version": "1.3.2",
      "resolved": "https://registry.npmjs.org/punycode/-/punycode-1.3.2.tgz",
      "integrity": "sha1-llOgNvt8HuQjQvIyXM7v6jkmxI0="
    },
    "querystring": {
      "version": "0.2.0",
      "resolved": "https://registry.npmjs.org/querystring/-/querystring-0.2.0.tgz",
      "integrity": "sha1-sgmEkgO7Jd+CDadW50cAWHhSFiA="
    },
    "sax": {
      "version": "1.2.1",
      "resolved": "https://registry.npmjs.org/sax/-/sax-1.2.1.tgz",
      "integrity": "sha1-e45lYZCyKOgaZq6nSEgNgozS03o="
    },
    "sprintf-js": {
      "version": "1.0.3",
      "resolved": "https://registry.npmjs.org/sprintf-js/-/sprintf-js-1.0.3.tgz",
      "integrity": "sha1-BOaSb2YolTVPPdAVIDYzuFcpfiw="
    },
    "url": {
      "version": "0.10.3",
      "resolved": "https://registry.npmjs.org/url/-/url-0.10.3.tgz",
      "integrity": "sha1-Ah5NnHcF8hu/N9A861h2dAJ3TGQ=",
      "requires": {
        "punycode": "1.3.2",
        "querystring": "0.2.0"
      }
    },
    "uuid": {
      "version": "3.3.2",
      "resolved": "https://registry.npmjs.org/uuid/-/uuid-3.3.2.tgz",
      "integrity": "sha512-yXJmeNaw3DnnKAOKJE51sL/ZaYfWJRl1pK9dr19YFCu0ObS231AB1/LbqTKRAQ5kw8A90rA6fr4riOUpTZvQZA=="
    },
    "weak-map": {
      "version": "1.0.5",
      "resolved": "https://registry.npmjs.org/weak-map/-/weak-map-1.0.5.tgz",
      "integrity": "sha1-eWkVhNmGB/UHC9O3CkDmuyLkAes="
    },
    "xml2js": {
      "version": "0.4.19",
      "resolved": "https://registry.npmjs.org/xml2js/-/xml2js-0.4.19.tgz",
      "integrity": "sha512-esZnJZJOiJR9wWKMyuvSE1y6Dq5LCuJanqhxslH2bxM6duahNZ+HMpCLhBQGZkbX6xRf8x1Y2eJlgt2q3qo49Q==",
      "requires": {
        "sax": ">=0.6.0",
        "xmlbuilder": "~9.0.1"
      }
    },
    "xmlbuilder": {
      "version": "9.0.7",
      "resolved": "https://registry.npmjs.org/xmlbuilder/-/xmlbuilder-9.0.7.tgz",
      "integrity": "sha1-Ey7mPS7FVlxVfiD0wi35rKaGsQ0="
    },
    "yargs-parser": {
      "version": "11.1.1",
      "resolved": "https://registry.npmjs.org/yargs-parser/-/yargs-parser-11.1.1.tgz",
      "integrity": "sha512-C6kB/WJDiaxONLJQnF8ccx9SEeoTTLek8RVbaOIsrAUS8VrBEXfmeSnCZxygc+XC2sNMBIwOOnfcxiynjHsVSQ==",
      "requires": {
        "camelcase": "^5.0.0",
        "decamelize": "^1.2.0"
      }
    }
  }
}
